Microsoft Visual Studio Solution File, Format Version 12.00
# Visual Studio Version 17
VisualStudioVersion = 17.5.2.0
MinimumVisualStudioVersion = 10.0.40219.1
Project("{FAE04EC0-301F-11D3-BF4B-00C04F79EFBC}") = "CSharpAssistant.API", "CSharpAssistant.API.csproj", "{87592820-F919-7940-1806-8C3494E21159}"
EndProject
Global
	GlobalSection(SolutionConfigurationPlatforms) = preSolution
		Debug|Any CPU = Debug|Any CPU
		Release|Any CPU = Release|Any CPU
	EndGlobalSection
	GlobalSection(ProjectConfigurationPlatforms) = postSolution
		{87592820-F919-7940-1806-8C3494E21159}.Debug|Any CPU.ActiveCfg = Debug|Any CPU
		{87592820-F919-7940-1806-8C3494E21159}.Debug|Any CPU.Build.0 = Debug|Any CPU
		{87592820-F919-7940-1806-8C3494E21159}.Release|Any CPU.ActiveCfg = Release|Any CPU
		{87592820-F919-7940-1806-8C3494E21159}.Release|Any CPU.Build.0 = Release|Any CPU
	EndGlobalSection
	GlobalSection(SolutionProperties) = preSolution
		HideSolutionNode = FALSE
	EndGlobalSection
	GlobalSection(ExtensibilityGlobals) = postSolution
		SolutionGuid = {208F368A-493F-43AB-ABB0-4807EF354398}
	EndGlobalSection
EndGlobal
